// !$*UTF8*$!
{
	archiveVersion = 1;
	classes = {
	};
	objectVersion = 46;
	objects = {

/* Begin PBXBuildFile section */
		478BC1E5184C449A00670857 /* Foundation.framework in Frameworks */ = {isa = PBXBuildFile; fileRef = 478BC1E4184C449A00670857 /* Foundation.framework */; };
		478BC1E7184C449A00670857 /* CoreGraphics.framework in Frameworks */ = {isa = PBXBuildFile; fileRef = 478BC1E6184C449A00670857 /* CoreGraphics.framework */; };
		478BC1E9184C449A00670857 /* UIKit.framework in Frameworks */ = {isa = PBXBuildFile; fileRef = 478BC1E8184C449A00670857 /* UIKit.framework */; };
		478BC1EF184C449A00670857 /* InfoPlist.strings in Resources */ = {isa = PBXBuildFile; fileRef = 478BC1ED184C449A00670857 /* InfoPlist.strings */; };
		478BC1F1184C449A00670857 /* main.m in Sources */ = {isa = PBXBuildFile; fileRef = 478BC1F0184C449A00670857 /* main.m */; };
		478BC1F5184C449A00670857 /* YYAppDelegate.m in Sources */ = {isa = PBXBuildFile; fileRef = 478BC1F4184C449A00670857 /* YYAppDelegate.m */; };
		478BC1F8184C449A00670857 /* Main.storyboard in Resources */ = {isa = PBXBuildFile; fileRef = 478BC1F6184C449A00670857 /* Main.storyboard */; };
		478BC200184C449A00670857 /* Images.xcassets in Resources */ = {isa = PBXBuildFile; fileRef = 478BC1FF184C449A00670857 /* Images.xcassets */; };
		478BC207184C449A00670857 /* XCTest.framework in Frameworks */ = {isa = PBXBuildFile; fileRef = 478BC206184C449A00670857 /* XCTest.framework */; };
		478BC208184C449A00670857 /* Foundation.framework in Frameworks */ = {isa = PBXBuildFile; fileRef = 478BC1E4184C449A00670857 /* Foundation.framework */; };
		478BC209184C449A00670857 /* UIKit.framework in Frameworks */ = {isa = PBXBuildFile; fileRef = 478BC1E8184C449A00670857 /* UIKit.framework */; };
		478BC211184C449A00670857 /* InfoPlist.strings in Resources */ = {isa = PBXBuildFile; fileRef = 478BC20F184C449A00670857 /* InfoPlist.strings */; };
		478BC213184C449A00670857 /* ExampleTests.m in Sources */ = {isa = PBXBuildFile; fileRef = 478BC212184C449A00670857 /* ExampleTests.m */; };
		478BC223184C58D500670857 /* YYTableViewController.m in Sources */ = {isa = PBXBuildFile; fileRef = 478BC222184C58D500670857 /* YYTableViewController.m */; };
		478BC226184C59AF00670857 /* YYCommentCell.m in Sources */ = {isa = PBXBuildFile; fileRef = 478BC225184C59AF00670857 /* YYCommentCell.m */; };
		478BC229184DC00100670857 /* YYComment.m in Sources */ = {isa = PBXBuildFile; fileRef = 478BC228184DC00100670857 /* YYComment.m */; };
		478BC22C184DC44B00670857 /* YYCommentList.m in Sources */ = {isa = PBXBuildFile; fileRef = 478BC22B184DC44B00670857 /* YYCommentList.m */; };
		47B5E82A184DD54500C94E84 /* YYImageLoader.m in Sources */ = {isa = PBXBuildFile; fileRef = 47B5E829184DD54500C94E84 /* YYImageLoader.m */; };
		47B5E82D18519F0000C94E84 /* YYImageProcessor.m in Sources */ = {isa = PBXBuildFile; fileRef = 47B5E82C18519F0000C94E84 /* YYImageProcessor.m */; };
/* End PBXBuildFile section */

/* Begin PBXContainerItemProxy section */
		478BC20A184C449A00670857 /* PBXContainerItemProxy */ = {
			isa = PBXContainerItemProxy;
			containerPortal = 478BC1D9184C449A00670857 /* Project object */;
			proxyType = 1;
			remoteGlobalIDString = 478BC1E0184C449A00670857;
			remoteInfo = Example;
		};
/* End PBXContainerItemProxy section */

/* Begin PBXFileReference section */
		478BC1E1184C449A00670857 /* Example.app */ = {isa = PBXFileReference; explicitFileType = wrapper.application; includeInIndex = 0; path = Example.app; sourceTree = BUILT_PRODUCTS_DIR; };
		478BC1E4184C449A00670857 /* Foundation.framework */ = {isa = PBXFileReference; lastKnownFileType = wrapper.framework; name = Foundation.framework; path = System/Library/Frameworks/Foundation.framework; sourceTree = SDKROOT; };
		478BC1E6184C449A00670857 /* CoreGraphics.framework */ = {isa = PBXFileReference; lastKnownFileType = wrapper.framework; name = CoreGraphics.framework; path = System/Library/Frameworks/CoreGraphics.framework; sourceTree = SDKROOT; };
		478BC1E8184C449A00670857 /* UIKit.framework */ = {isa = PBXFileReference; lastKnownFileType = wrapper.framework; name = UIKit.framework; path = System/Library/Frameworks/UIKit.framework; sourceTree = SDKROOT; };
		478BC1EC184C449A00670857 /* Example-Info.plist */ = {isa = PBXFileReference; lastKnownFileType = text.plist.xml; path = "Example-Info.plist"; sourceTree = "<group>"; };
		478BC1EE184C449A00670857 /* en */ = {isa = PBXFileReference; lastKnownFileType = text.plist.strings; name = en; path = en.lproj/InfoPlist.strings; sourceTree = "<group>"; };
		478BC1F0184C449A00670857 /* main.m */ = {isa = PBXFileReference; lastKnownFileType = sourcecode.c.objc; path = main.m; sourceTree = "<group>"; };
		478BC1F2184C449A00670857 /* Example-Prefix.pch */ = {isa = PBXFileReference; lastKnownFileType = sourcecode.c.h; path = "Example-Prefix.pch"; sourceTree = "<group>"; };
		478BC1F3184C449A00670857 /* YYAppDelegate.h */ = {isa = PBXFileReference; lastKnownFileType = sourcecode.c.h; path = YYAppDelegate.h; sourceTree = "<group>"; };
		478BC1F4184C449A00670857 /* YYAppDelegate.m */ = {isa = PBXFileReference; lastKnownFileType = sourcecode.c.objc; path = YYAppDelegate.m; sourceTree = "<group>"; };
		478BC1F7184C449A00670857 /* Base */ = {isa = PBXFileReference; lastKnownFileType = file.storyboard; name = Base; path = Base.lproj/Main.storyboard; sourceTree = "<group>"; };
		478BC1FF184C449A00670857 /* Images.xcassets */ = {isa = PBXFileReference; lastKnownFileType = folder.assetcatalog; path = Images.xcassets; sourceTree = "<group>"; };
		478BC205184C449A00670857 /* ExampleTests.xctest */ = {isa = PBXFileReference; explicitFileType = wrapper.cfbundle; includeInIndex = 0; path = ExampleTests.xctest; sourceTree = BUILT_PRODUCTS_DIR; };
		478BC206184C449A00670857 /* XCTest.framework */ = {isa = PBXFileReference; lastKnownFileType = wrapper.framework; name = XCTest.framework; path = Library/Frameworks/XCTest.framework; sourceTree = DEVELOPER_DIR; };
		478BC20E184C449A00670857 /* ExampleTests-Info.plist */ = {isa = PBXFileReference; lastKnownFileType = text.plist.xml; path = "ExampleTests-Info.plist"; sourceTree = "<group>"; };
		478BC210184C449A00670857 /* en */ = {isa = PBXFileReference; lastKnownFileType = text.plist.strings; name = en; path = en.lproj/InfoPlist.strings; sourceTree = "<group>"; };
		478BC212184C449A00670857 /* ExampleTests.m */ = {isa = PBXFileReference; lastKnownFileType = sourcecode.c.objc; path = ExampleTests.m; sourceTree = "<group>"; };
		478BC221184C58D500670857 /* YYTableViewController.h */ = {isa = PBXFileReference; fileEncoding = 4; lastKnownFileType = sourcecode.c.h; name = YYTableViewController.h; path = ViewControllers/YYTableViewController.h; sourceTree = "<group>"; };
		478BC222184C58D500670857 /* YYTableViewController.m */ = {isa = PBXFileReference; fileEncoding = 4; lastKnownFileType = sourcecode.c.objc; name = YYTableViewController.m; path = ViewControllers/YYTableViewController.m; sourceTree = "<group>"; };
		478BC224184C59AF00670857 /* YYCommentCell.h */ = {isa = PBXFileReference; fileEncoding = 4; lastKnownFileType = sourcecode.c.h; name = YYCommentCell.h; path = Views/YYCommentCell.h; sourceTree = "<group>"; };
		478BC225184C59AF00670857 /* YYCommentCell.m */ = {isa = PBXFileReference; fileEncoding = 4; lastKnownFileType = sourcecode.c.objc; name = YYCommentCell.m; path = Views/YYCommentCell.m; sourceTree = "<group>"; };
		478BC227184DC00100670857 /* YYComment.h */ = {isa = PBXFileReference; fileEncoding = 4; lastKnownFileType = sourcecode.c.h; name = YYComment.h; path = Models/YYComment.h; sourceTree = "<group>"; };
		478BC228184DC00100670857 /* YYComment.m */ = {isa = PBXFileReference; fileEncoding = 4; lastKnownFileType = sourcecode.c.objc; name = YYComment.m; path = Models/YYComment.m; sourceTree = "<group>"; };
		478BC22A184DC44B00670857 /* YYCommentList.h */ = {isa = PBXFileReference; fileEncoding = 4; lastKnownFileType = sourcecode.c.h; name = YYCommentList.h; path = Models/YYCommentList.h; sourceTree = "<group>"; };
		478BC22B184DC44B00670857 /* YYCommentList.m */ = {isa = PBXFileReference; fileEncoding = 4; lastKnownFileType = sourcecode.c.objc; name = YYCommentList.m; path = Models/YYCommentList.m; sourceTree = "<group>"; };
		47B5E828184DD54500C94E84 /* YYImageLoader.h */ = {isa = PBXFileReference; fileEncoding = 4; lastKnownFileType = sourcecode.c.h; path = YYImageLoader.h; sourceTree = "<group>"; };
		47B5E829184DD54500C94E84 /* YYImageLoader.m */ = {isa = PBXFileReference; fileEncoding = 4; lastKnownFileType = sourcecode.c.objc; path = YYImageLoader.m; sourceTree = "<group>"; };
		47B5E82B18519F0000C94E84 /* YYImageProcessor.h */ = {isa = PBXFileReference; fileEncoding = 4; lastKnownFileType = sourcecode.c.h; name = YYImageProcessor.h; path = Classes/YYImageProcessor.h; sourceTree = "<group>"; };
		47B5E82C18519F0000C94E84 /* YYImageProcessor.m */ = {isa = PBXFileReference; fileEncoding = 4; lastKnownFileType = sourcecode.c.objc; name = YYImageProcessor.m; path = Classes/YYImageProcessor.m; sourceTree = "<group>"; };
/* End PBXFileReference section */

/* Begin PBXFrameworksBuildPhase section */
		478BC1DE184C449A00670857 /* Frameworks */ = {
			isa = PBXFrameworksBuildPhase;
			buildActionMask = 2147483647;
			files = (
				478BC1E7184C449A00670857 /* CoreGraphics.framework in Frameworks */,
				478BC1E9184C449A00670857 /* UIKit.framework in Frameworks */,
				478BC1E5184C449A00670857 /* Foundation.framework in Frameworks */,
			);
			runOnlyForDeploymentPostprocessing = 0;
		};
		478BC202184C449A00670857 /* Frameworks */ = {
			isa = PBXFrameworksBuildPhase;
			buildActionMask = 2147483647;
			files = (
				478BC207184C449A00670857 /* XCTest.framework in Frameworks */,
				478BC209184C449A00670857 /* UIKit.framework in Frameworks */,
				478BC208184C449A00670857 /* Foundation.framework in Frameworks */,
			);
			runOnlyForDeploymentPostprocessing = 0;
		};
/* End PBXFrameworksBuildPhase section */

/* Begin PBXGroup section */
		478BC1D8184C449A00670857 = {
			isa = PBXGroup;
			children = (
				478BC1EA184C449A00670857 /* Example */,
				478BC20C184C449A00670857 /* ExampleTests */,
				478BC1E3184C449A00670857 /* Frameworks */,
				478BC1E2184C449A00670857 /* Products */,
			);
			sourceTree = "<group>";
		};
		478BC1E2184C449A00670857 /* Products */ = {
			isa = PBXGroup;
			children = (
				478BC1E1184C449A00670857 /* Example.app */,
				478BC205184C449A00670857 /* ExampleTests.xctest */,
			);
			name = Products;
			sourceTree = "<group>";
		};
		478BC1E3184C449A00670857 /* Frameworks */ = {
			isa = PBXGroup;
			children = (
				478BC1E4184C449A00670857 /* Foundation.framework */,
				478BC1E6184C449A00670857 /* CoreGraphics.framework */,
				478BC1E8184C449A00670857 /* UIKit.framework */,
				478BC206184C449A00670857 /* XCTest.framework */,
			);
			name = Frameworks;
			sourceTree = "<group>";
		};
		478BC1EA184C449A00670857 /* Example */ = {
			isa = PBXGroup;
			children = (
				478BC1F3184C449A00670857 /* YYAppDelegate.h */,
				478BC1F4184C449A00670857 /* YYAppDelegate.m */,
				478BC1F6184C449A00670857 /* Main.storyboard */,
				478BC1FF184C449A00670857 /* Images.xcassets */,
				478BC21D184C583F00670857 /* Models */,
				478BC21C184C583600670857 /* Views */,
				478BC220184C589D00670857 /* ViewControllers */,
				478BC21E184C585400670857 /* Classes */,
				478BC21F184C586B00670857 /* Resources */,
				478BC1EB184C449A00670857 /* Supporting Files */,
			);
			path = Example;
			sourceTree = "<group>";
		};
		478BC1EB184C449A00670857 /* Supporting Files */ = {
			isa = PBXGroup;
			children = (
				478BC1EC184C449A00670857 /* Example-Info.plist */,
				478BC1ED184C449A00670857 /* InfoPlist.strings */,
				478BC1F0184C449A00670857 /* main.m */,
				478BC1F2184C449A00670857 /* Example-Prefix.pch */,
			);
			name = "Supporting Files";
			sourceTree = "<group>";
		};
		478BC20C184C449A00670857 /* ExampleTests */ = {
			isa = PBXGroup;
			children = (
				478BC212184C449A00670857 /* ExampleTests.m */,
				478BC20D184C449A00670857 /* Supporting Files */,
			);
			path = ExampleTests;
			sourceTree = "<group>";
		};
		478BC20D184C449A00670857 /* Supporting Files */ = {
			isa = PBXGroup;
			children = (
				478BC20E184C449A00670857 /* ExampleTests-Info.plist */,
				478BC20F184C449A00670857 /* InfoPlist.strings */,
			);
			name = "Supporting Files";
			sourceTree = "<group>";
		};
		478BC21C184C583600670857 /* Views */ = {
			isa = PBXGroup;
			children = (
				478BC224184C59AF00670857 /* YYCommentCell.h */,
				478BC225184C59AF00670857 /* YYCommentCell.m */,
			);
			name = Views;
			sourceTree = "<group>";
		};
		478BC21D184C583F00670857 /* Models */ = {
			isa = PBXGroup;
			children = (
				478BC227184DC00100670857 /* YYComment.h */,
				478BC228184DC00100670857 /* YYComment.m */,
				478BC22A184DC44B00670857 /* YYCommentList.h */,
				478BC22B184DC44B00670857 /* YYCommentList.m */,
			);
			name = Models;
			sourceTree = "<group>";
		};
		478BC21E184C585400670857 /* Classes */ = {
			isa = PBXGroup;
			children = (
				47B5E828184DD54500C94E84 /* YYImageLoader.h */,
				47B5E829184DD54500C94E84 /* YYImageLoader.m */,
				47B5E82B18519F0000C94E84 /* YYImageProcessor.h */,
				47B5E82C18519F0000C94E84 /* YYImageProcessor.m */,
			);
			name = Classes;
			sourceTree = "<group>";
		};
		478BC21F184C586B00670857 /* Resources */ = {
			isa = PBXGroup;
			children = (
			);
			name = Resources;
			sourceTree = "<group>";
		};
		478BC220184C589D00670857 /* ViewControllers */ = {
			isa = PBXGroup;
			children = (
				478BC221184C58D500670857 /* YYTableViewController.h */,
				478BC222184C58D500670857 /* YYTableViewController.m */,
			);
			name = ViewControllers;
			sourceTree = "<group>";
		};
/* End PBXGroup section */

/* Begin PBXNativeTarget section */
		478BC1E0184C449A00670857 /* Example */ = {
			isa = PBXNativeTarget;
			buildConfigurationList = 478BC216184C449A00670857 /* Build configuration list for PBXNativeTarget "Example" */;
			buildPhases = (
				478BC1DD184C449A00670857 /* Sources */,
				478BC1DE184C449A00670857 /* Frameworks */,
				478BC1DF184C449A00670857 /* Resources */,
			);
			buildRules = (
			);
			dependencies = (
			);
			name = Example;
			productName = Example;
			productReference = 478BC1E1184C449A00670857 /* Example.app */;
			productType = "com.apple.product-type.application";
		};
		478BC204184C449A00670857 /* ExampleTests */ = {
			isa = PBXNativeTarget;
			buildConfigurationList = 478BC219184C449A00670857 /* Build configuration list for PBXNativeTarget "ExampleTests" */;
			buildPhases = (
				478BC201184C449A00670857 /* Sources */,
				478BC202184C449A00670857 /* Frameworks */,
				478BC203184C449A00670857 /* Resources */,
			);
			buildRules = (
			);
			dependencies = (
				478BC20B184C449A00670857 /* PBXTargetDependency */,
			);
			name = ExampleTests;
			productName = ExampleTests;
			productReference = 478BC205184C449A00670857 /* ExampleTests.xctest */;
			productType = "com.apple.product-type.bundle.unit-test";
		};
/* End PBXNativeTarget section */

/* Begin PBXProject section */
		478BC1D9184C449A00670857 /* Project object */ = {
			isa = PBXProject;
			attributes = {
				CLASSPREFIX = YY;
				LastUpgradeCheck = 0500;
				ORGANIZATIONNAME = "Yuya Yaguchi";
				TargetAttributes = {
					478BC1E0184C449A00670857 = {
						DevelopmentTeam = XVG97NLJ56;
					};
					478BC204184C449A00670857 = {
						TestTargetID = 478BC1E0184C449A00670857;
					};
				};
			};
			buildConfigurationList = 478BC1DC184C449A00670857 /* Build configuration list for PBXProject "Example" */;
			compatibilityVersion = "Xcode 3.2";
			developmentRegion = English;
			hasScannedForEncodings = 0;
			knownRegions = (
				en,
				Base,
			);
			mainGroup = 478BC1D8184C449A00670857;
			productRefGroup = 478BC1E2184C449A00670857 /* Products */;
			projectDirPath = "";
			projectRoot = "";
			targets = (
				478BC1E0184C449A00670857 /* Example */,
				478BC204184C449A00670857 /* ExampleTests */,
			);
		};
/* End PBXProject section */

/* Begin PBXResourcesBuildPhase section */
		478BC1DF184C449A00670857 /* Resources */ = {
			isa = PBXResourcesBuildPhase;
			buildActionMask = 2147483647;
			files = (
				478BC200184C449A00670857 /* Images.xcassets in Resources */,
				478BC1F8184C449A00670857 /* Main.storyboard in Resources */,
				478BC1EF184C449A00670857 /* InfoPlist.strings in Resources */,
			);
			runOnlyForDeploymentPostprocessing = 0;
		};
		478BC203184C449A00670857 /* Resources */ = {
			isa = PBXResourcesBuildPhase;
			buildActionMask = 2147483647;
			files = (
				478BC211184C449A00670857 /* InfoPlist.strings in Resources */,
			);
			runOnlyForDeploymentPostprocessing = 0;
		};
/* End PBXResourcesBuildPhase section */

/* Begin PBXSourcesBuildPhase section */
		478BC1DD184C449A00670857 /* Sources */ = {
			isa = PBXSourcesBuildPhase;
			buildActionMask = 2147483647;
			files = (
				478BC1F5184C449A00670857 /* YYAppDelegate.m in Sources */,
				47B5E82A184DD54500C94E84 /* YYImageLoader.m in Sources */,
				47B5E82D18519F0000C94E84 /* YYImageProcessor.m in Sources */,
				478BC229184DC00100670857 /* YYComment.m in Sources */,
				478BC223184C58D500670857 /* YYTableViewController.m in Sources */,
				478BC22C184DC44B00670857 /* YYCommentList.m in Sources */,
				478BC1F1184C449A00670857 /* main.m in Sources */,
				478BC226184C59AF00670857 /* YYCommentCell.m in Sources */,
			);
			runOnlyForDeploymentPostprocessing = 0;
		};
		478BC201184C449A00670857 /* Sources */ = {
			isa = PBXSourcesBuildPhase;
			buildActionMask = 2147483647;
			files = (
				478BC213184C449A00670857 /* ExampleTests.m in Sources */,
			);
			runOnlyForDeploymentPostprocessing = 0;
		};
/* End PBXSourcesBuildPhase section */

/* Begin PBXTargetDependency section */
		478BC20B184C449A00670857 /* PBXTargetDependency */ = {
			isa = PBXTargetDependency;
			target = 478BC1E0184C449A00670857 /* Example */;
			targetProxy = 478BC20A184C449A00670857 /* PBXContainerItemProxy */;
		};
/* End PBXTargetDependency section */

/* Begin PBXVariantGroup section */
		478BC1ED184C449A00670857 /* InfoPlist.strings */ = {
			isa = PBXVariantGroup;
			children = (
				478BC1EE184C449A00670857 /* en */,
			);
			name = InfoPlist.strings;
			sourceTree = "<group>";
		};
		478BC1F6184C449A00670857 /* Main.storyboard */ = {
			isa = PBXVariantGroup;
			children = (
				478BC1F7184C449A00670857 /* Base */,
			);
			name = Main.storyboard;
			sourceTree = "<group>";
		};
		478BC20F184C449A00670857 /* InfoPlist.strings */ = {
			isa = PBXVariantGroup;
			children = (
				478BC210184C449A00670857 /* en */,
			);
			name = InfoPlist.strings;
			sourceTree = "<group>";
		};
/* End PBXVariantGroup section */

/* Begin XCBuildConfiguration section */
		478BC214184C449A00670857 /* Debug */ = {
			isa = XCBuildConfiguration;
			buildSettings = {
				ALWAYS_SEARCH_USER_PATHS = NO;
				ARCHS = "$(ARCHS_STANDARD_INCLUDING_64_BIT)";
				CLANG_CXX_LANGUAGE_STANDARD = "gnu++0x";
				CLANG_CXX_LIBRARY = "libc++";
				CLANG_ENABLE_MODULES = YES;
				CLANG_ENABLE_OBJC_ARC = YES;
				CLANG_WARN_BOOL_CONVERSION = YES;
				CLANG_WARN_CONSTANT_CONVERSION = YES;
				CLANG_WARN_DIRECT_OBJC_ISA_USAGE = YES_ERROR;
				CLANG_WARN_EMPTY_BODY = YES;
				CLANG_WARN_ENUM_CONVERSION = YES;
				CLANG_WARN_INT_CONVERSION = YES;
				CLANG_WARN_OBJC_ROOT_CLASS = YES_ERROR;
				CLANG_WARN__DUPLICATE_METHOD_MATCH = YES;
				"CODE_SIGN_IDENTITY[sdk=iphoneos*]" = "iPhone Developer";
				COPY_PHASE_STRIP = NO;
				GCC_C_LANGUAGE_STANDARD = gnu99;
				GCC_DYNAMIC_NO_PIC = NO;
				GCC_OPTIMIZATION_LEVEL = 0;
				GCC_PREPROCESSOR_DEFINITIONS = (
					"DEBUG=1",
					"$(inherited)",
				);
				GCC_SYMBOLS_PRIVATE_EXTERN = NO;
				GCC_WARN_64_TO_32_BIT_CONVERSION = YES;
				GCC_WARN_ABOUT_RETURN_TYPE = YES_ERROR;
				GCC_WARN_UNDECLARED_SELECTOR = YES;
				GCC_WARN_UNINITIALIZED_AUTOS = YES;
				GCC_WARN_UNUSED_FUNCTION = YES;
				GCC_WARN_UNUSED_VARIABLE = YES;
				IPHONEOS_DEPLOYMENT_TARGET = 7.0;
				ONLY_ACTIVE_ARCH = YES;
				SDKROOT = iphoneos;
				TARGETED_DEVICE_FAMILY = "1,2";
			};
			name = Debug;
		};
		478BC215184C449A00670857 /* Release */ = {
			isa = XCBuildConfiguration;
			buildSettings = {
				ALWAYS_SEARCH_USER_PATHS = NO;
				ARCHS = "$(ARCHS_STANDARD_INCLUDING_64_BIT)";
				CLANG_CXX_LANGUAGE_STANDARD = "gnu++0x";
				CLANG_CXX_LIBRARY = "libc++";
				CLANG_ENABLE_MODULES = YES;
				CLANG_ENABLE_OBJC_ARC = YES;
				CLANG_WARN_BOOL_CONVERSION = YES;
				CLANG_WARN_CONSTANT_CONVERSION = YES;
				CLANG_WARN_DIRECT_OBJC_ISA_USAGE = YES_ERROR;
				CLANG_WARN_EMPTY_BODY = YES;
				CLANG_WARN_ENUM_CONVERSION = YES;
				CLANG_WARN_INT_CONVERSION = YES;
				CLANG_WARN_OBJC_ROOT_CLASS = YES_ERROR;
				CLANG_WARN__DUPLICATE_METHOD_MATCH = YES;
				"CODE_SIGN_IDENTITY[sdk=iphoneos*]" = "iPhone Developer";
				COPY_PHASE_STRIP = YES;
				ENABLE_NS_ASSERTIONS = NO;
				GCC_C_LANGUAGE_STANDARD = gnu99;
				GCC_WARN_64_TO_32_BIT_CONVERSION = YES;
				GCC_WARN_ABOUT_RETURN_TYPE = YES_ERROR;
				GCC_WARN_UNDECLARED_SELECTOR = YES;
				GCC_WARN_UNINITIALIZED_AUTOS = YES;
				GCC_WARN_UNUSED_FUNCTION = YES;
				GCC_WARN_UNUSED_VARIABLE = YES;
				IPHONEOS_DEPLOYMENT_TARGET = 7.0;
				SDKROOT = iphoneos;
				TARGETED_DEVICE_FAMILY = "1,2";
				VALIDATE_PRODUCT = YES;
			};
			name = Release;
		};
		478BC217184C449A00670857 /* Debug */ = {
			isa = XCBuildConfiguration;
			buildSettings = {
				ASSETCATALOG_COMPILER_APPICON_NAME = AppIcon;
				ASSETCATALOG_COMPILER_LAUNCHIMAGE_NAME = LaunchImage;
				CODE_SIGN_IDENTITY = "iPhone Developer";
				"CODE_SIGN_IDENTITY[sdk=iphoneos*]" = "iPhone Developer";
				GCC_PRECOMPILE_PREFIX_HEADER = YES;
				GCC_PREFIX_HEADER = "Example/Example-Prefix.pch";
				INFOPLIST_FILE = "Example/Example-Info.plist";
				PRODUCT_NAME = "$(TARGET_NAME)";
				PROVISIONING_PROFILE = "";
				WRAPPER_EXTENSION = app;
			};
			name = Debug;
		};
		478BC218184C449A00670857 /* Release */ = {
			isa = XCBuildConfiguration;
			buildSettings = {
				ASSETCATALOG_COMPILER_APPICON_NAME = AppIcon;
				ASSETCATALOG_COMPILER_LAUNCHIMAGE_NAME = LaunchImage;
				CODE_SIGN_IDENTITY = "iPhone Developer";
				"CODE_SIGN_IDENTITY[sdk=iphoneos*]" = "iPhone Developer";
				GCC_PRECOMPILE_PREFIX_HEADER = YES;
				GCC_PREFIX_HEADER = "Example/Example-Prefix.pch";
				INFOPLIST_FILE = "Example/Example-Info.plist";
				PRODUCT_NAME = "$(TARGET_NAME)";
				PROVISIONING_PROFILE = "";
				WRAPPER_EXTENSION = app;
			};
			name = Release;
		};
		478BC21A184C449A00670857 /* Debug */ = {
			isa = XCBuildConfiguration;
			buildSettings = {
				ARCHS = "$(ARCHS_STANDARD_INCLUDING_64_BIT)";
				BUNDLE_LOADER = "$(BUILT_PRODUCTS_DIR)/Example.app/Example";
				FRAMEWORK_SEARCH_PATHS = (
					"$(SDKROOT)/Developer/Library/Frameworks",
					"$(inherited)",
					"$(DEVELOPER_FRAMEWORKS_DIR)",
				);
				GCC_PRECOMPILE_PREFIX_HEADER = YES;
				GCC_PREFIX_HEADER = "Example/Example-Prefix.pch";
				GCC_PREPROCESSOR_DEFINITIONS = (
					"DEBUG=1",
					"$(inherited)",
				);
				INFOPLIST_FILE = "ExampleTests/ExampleTests-Info.plist";
				PRODUCT_NAME = "$(TARGET_NAME)";
				TEST_HOST = "$(BUNDLE_LOADER)";
				WRAPPER_EXTENSION = xctest;
			};
			name = Debug;
		};
		478BC21B184C449A00670857 /* Release */ = {
			isa = XCBuildConfiguration;
			buildSettings = {
				ARCHS = "$(ARCHS_STANDARD_INCLUDING_64_BIT)";
				BUNDLE_LOADER = "$(BUILT_PRODUCTS_DIR)/Example.app/Example";
				FRAMEWORK_SEARCH_PATHS = (
					"$(SDKROOT)/Developer/Library/Frameworks",
					"$(inherited)",
					"$(DEVELOPER_FRAMEWORKS_DIR)",
				);
				GCC_PRECOMPILE_PREFIX_HEADER = YES;
				GCC_PREFIX_HEADER = "Example/Example-Prefix.pch";
				INFOPLIST_FILE = "ExampleTests/ExampleTests-Info.plist";
				PRODUCT_NAME = "$(TARGET_NAME)";
				TEST_HOST = "$(BUNDLE_LOADER)";
				WRAPPER_EXTENSION = xctest;
			};
			name = Release;
		};
/* End XCBuildConfiguration section */

/* Begin XCConfigurationList section */
		478BC1DC184C449A00670857 /* Build configuration list for PBXProject "Example" */ = {
			isa = XCConfigurationList;
			buildConfigurations = (
				478BC214184C449A00670857 /* Debug */,
				478BC215184C449A00670857 /* Release */,
			);
			defaultConfigurationIsVisible = 0;
			defaultConfigurationName = Release;
		};
		478BC216184C449A00670857 /* Build configuration list for PBXNativeTarget "Example" */ = {
			isa = XCConfigurationList;
			buildConfigurations = (
				478BC217184C449A00670857 /* Debug */,
				478BC218184C449A00670857 /* Release */,
			);
			defaultConfigurationIsVisible = 0;
			defaultConfigurationName = Release;
		};
		478BC219184C449A00670857 /* Build configuration list for PBXNativeTarget "ExampleTests" */ = {
			isa = XCConfigurationList;
			buildConfigurations = (
				478BC21A184C449A00670857 /* Debug */,
				478BC21B184C449A00670857 /* Release */,
			);
			defaultConfigurationIsVisible = 0;
			defaultConfigurationName = Release;
		};
/* End XCConfigurationList section */
	};
	rootObject = 478BC1D9184C449A00670857 /* Project object */;
}
